
Microsoft Visual Studio Solution File, Format Version 12.00
# Visual Studio Version 16
VisualStudioVersion = 16.0.810.17
MinimumVisualStudioVersion = 10.0.40219.1
Project("{FAE04EC0-301F-11D3-BF4B-00C04F79EFBC}") = "BankEncapsulationExercise", "BankEncapsulationExercise\BankEncapsulationExercise.csproj", "{F06D79F7-D0BA-40C8-83BC-42C1CCC09E7A}"
EndProject
Global
	GlobalSection(SolutionConfigurationPlatforms) = preSolution
		Debug|Any CPU = Debug|Any CPU
		Release|Any CPU = Release|Any CPU
	EndGlobalSection
	GlobalSection(ProjectConfigurationPlatforms) = postSolution
		{F06D79F7-D0BA-40C8-83BC-42C1CCC09E7A}.Debug|Any CPU.ActiveCfg = Debug|Any CPU
		{F06D79F7-D0BA-40C8-83BC-42C1CCC09E7A}.Debug|Any CPU.Build.0 = Debug|Any CPU
		{F06D79F7-D0BA-40C8-83BC-42C1CCC09E7A}.Release|Any CPU.ActiveCfg = Release|Any CPU
		{F06D79F7-D0BA-40C8-83BC-42C1CCC09E7A}.Release|Any CPU.Build.0 = Release|Any CPU
	EndGlobalSection
	GlobalSection(SolutionProperties) = preSolution
		HideSolutionNode = FALSE
	EndGlobalSection
	GlobalSection(ExtensibilityGlobals) = postSolution
		SolutionGuid = {120EC2D0-21C8-4F07-B422-17DF4058E97C}
	EndGlobalSection
EndGlobal
